
Microsoft Visual Studio Solution File, Format Version 12.00
# Visual Studio Version 16
VisualStudioVersion = 16.0.31129.286
MinimumVisualStudioVersion = 10.0.40219.1
Project("{FAE04EC0-301F-11D3-BF4B-00C04F79EFBC}") = "InventoryManagementSystem", "InventoryManagementSystem.csproj", "{AEB4221A-01EE-4DFF-9F4F-3F58B9C6CD5D}"
EndProject
Global
	GlobalSection(SolutionConfigurationPlatforms) = preSolution
		Debug|Any CPU = Debug|Any CPU
		Release|Any CPU = Release|Any CPU
	EndGlobalSection
	GlobalSection(ProjectConfigurationPlatforms) = postSolution
		{AEB4221A-01EE-4DFF-9F4F-3F58B9C6CD5D}.Debug|Any CPU.ActiveCfg = Debug|Any CPU
		{AEB4221A-01EE-4DFF-9F4F-3F58B9C6CD5D}.Debug|Any CPU.Build.0 = Debug|Any CPU
		{AEB4221A-01EE-4DFF-9F4F-3F58B9C6CD5D}.Release|Any CPU.ActiveCfg = Release|Any CPU
		{AEB4221A-01EE-4DFF-9F4F-3F58B9C6CD5D}.Release|Any CPU.Build.0 = Release|Any CPU
	EndGlobalSection
	GlobalSection(SolutionProperties) = preSolution
		HideSolutionNode = FALSE
	EndGlobalSection
	GlobalSection(ExtensibilityGlobals) = postSolution
		SolutionGuid = {C3F82C64-346C-4FB4-97D2-C146AECF0B6B}
	EndGlobalSection
EndGlobal
